// !$*UTF8*$!
{
	archiveVersion = 1;
	classes = {
	};
	objectVersion = 52;
	objects = {

/* Begin PBXBuildFile section */
		3837B5C12B540FA80070BE11 /* AppDelegate.swift in Sources */ = {isa = PBXBuildFile; fileRef = 3837B5C02B540FA80070BE11 /* AppDelegate.swift */; };
		3837B5C52B540FA80070BE11 /* NotesListViewController.swift in Sources */ = {isa = PBXBuildFile; fileRef = 3837B5C42B540FA80070BE11 /* NotesListViewController.swift */; };
		3837B5CA2B540FA90070BE11 /* Assets.xcassets in Resources */ = {isa = PBXBuildFile; fileRef = 3837B5C92B540FA90070BE11 /* Assets.xcassets */; };
		3837B5CD2B540FA90070BE11 /* LaunchScreen.storyboard in Resources */ = {isa = PBXBuildFile; fileRef = 3837B5CB2B540FA90070BE11 /* LaunchScreen.storyboard */; };
		3837B5DA2B541A5A0070BE11 /* SimpleNoteTableViewCell.swift in Sources */ = {isa = PBXBuildFile; fileRef = 3837B5D92B541A5A0070BE11 /* SimpleNoteTableViewCell.swift */; };
		3837B5DD2B541A760070BE11 /* ImageNoteTableViewCell.swift in Sources */ = {isa = PBXBuildFile; fileRef = 3837B5DC2B541A760070BE11 /* ImageNoteTableViewCell.swift */; };
		3837B5E32B5421F60070BE11 /* SnapKit in Frameworks */ = {isa = PBXBuildFile; productRef = 3837B5E22B5421F60070BE11 /* SnapKit */; };
		3837B5E92B5439060070BE11 /* Note.swift in Sources */ = {isa = PBXBuildFile; fileRef = 3837B5E82B5439060070BE11 /* Note.swift */; };
		3837B5EF2B5439C70070BE11 /* NotesListViewModel.swift in Sources */ = {isa = PBXBuildFile; fileRef = 3837B5EE2B5439C70070BE11 /* NotesListViewModel.swift */; };
		3837B5F32B543B030070BE11 /* TableViewSection.swift in Sources */ = {isa = PBXBuildFile; fileRef = 3837B5F22B543B030070BE11 /* TableViewSection.swift */; };
		3837B5F62B54414B0070BE11 /* UIColor+Ex.swift in Sources */ = {isa = PBXBuildFile; fileRef = 3837B5F52B54414B0070BE11 /* UIColor+Ex.swift */; };
/* End PBXBuildFile section */

/* Begin PBXFileReference section */
		3837B5BD2B540FA80070BE11 /* Notes.app */ = {isa = PBXFileReference; explicitFileType = wrapper.application; includeInIndex = 0; path = Notes.app; sourceTree = BUILT_PRODUCTS_DIR; };
		3837B5C02B540FA80070BE11 /* AppDelegate.swift */ = {isa = PBXFileReference; lastKnownFileType = sourcecode.swift; path = AppDelegate.swift; sourceTree = "<group>"; };
		3837B5C42B540FA80070BE11 /* NotesListViewController.swift */ = {isa = PBXFileReference; lastKnownFileType = sourcecode.swift; path = NotesListViewController.swift; sourceTree = "<group>"; };
		3837B5C92B540FA90070BE11 /* Assets.xcassets */ = {isa = PBXFileReference; lastKnownFileType = folder.assetcatalog; path = Assets.xcassets; sourceTree = "<group>"; };
		3837B5CC2B540FA90070BE11 /* Base */ = {isa = PBXFileReference; lastKnownFileType = file.storyboard; name = Base; path = Base.lproj/LaunchScreen.storyboard; sourceTree = "<group>"; };
		3837B5CE2B540FA90070BE11 /* Info.plist */ = {isa = PBXFileReference; lastKnownFileType = text.plist.xml; path = Info.plist; sourceTree = "<group>"; };
		3837B5D92B541A5A0070BE11 /* SimpleNoteTableViewCell.swift */ = {isa = PBXFileReference; lastKnownFileType = sourcecode.swift; path = SimpleNoteTableViewCell.swift; sourceTree = "<group>"; };
		3837B5DC2B541A760070BE11 /* ImageNoteTableViewCell.swift */ = {isa = PBXFileReference; lastKnownFileType = sourcecode.swift; path = ImageNoteTableViewCell.swift; sourceTree = "<group>"; };
		3837B5E82B5439060070BE11 /* Note.swift */ = {isa = PBXFileReference; lastKnownFileType = sourcecode.swift; path = Note.swift; sourceTree = "<group>"; };
		3837B5EE2B5439C70070BE11 /* NotesListViewModel.swift */ = {isa = PBXFileReference; lastKnownFileType = sourcecode.swift; path = NotesListViewModel.swift; sourceTree = "<group>"; };
		3837B5F22B543B030070BE11 /* TableViewSection.swift */ = {isa = PBXFileReference; lastKnownFileType = sourcecode.swift; path = TableViewSection.swift; sourceTree = "<group>"; };
		3837B5F52B54414B0070BE11 /* UIColor+Ex.swift */ = {isa = PBXFileReference; lastKnownFileType = sourcecode.swift; path = "UIColor+Ex.swift"; sourceTree = "<group>"; };
/* End PBXFileReference section */

/* Begin PBXFrameworksBuildPhase section */
		3837B5BA2B540FA80070BE11 /* Frameworks */ = {
			isa = PBXFrameworksBuildPhase;
			buildActionMask = 2147483647;
			files = (
				3837B5E32B5421F60070BE11 /* SnapKit in Frameworks */,
			);
			runOnlyForDeploymentPostprocessing = 0;
		};
/* End PBXFrameworksBuildPhase section */

/* Begin PBXGroup section */
		3837B5B42B540FA80070BE11 = {
			isa = PBXGroup;
			children = (
				3837B5BF2B540FA80070BE11 /* Notes */,
				3837B5BE2B540FA80070BE11 /* Products */,
			);
			sourceTree = "<group>";
		};
		3837B5BE2B540FA80070BE11 /* Products */ = {
			isa = PBXGroup;
			children = (
				3837B5BD2B540FA80070BE11 /* Notes.app */,
			);
			name = Products;
			sourceTree = "<group>";
		};
		3837B5BF2B540FA80070BE11 /* Notes */ = {
			isa = PBXGroup;
			children = (
				3837B5C02B540FA80070BE11 /* AppDelegate.swift */,
				3837B5F22B543B030070BE11 /* TableViewSection.swift */,
				3837B5ED2B54397B0070BE11 /* NotesList */,
				3837B5F82B54417F0070BE11 /* Extensions */,
				3837B5C92B540FA90070BE11 /* Assets.xcassets */,
				3837B5CB2B540FA90070BE11 /* LaunchScreen.storyboard */,
				3837B5CE2B540FA90070BE11 /* Info.plist */,
			);
			path = Notes;
			sourceTree = "<group>";
		};
		3837B5E52B5438E20070BE11 /* View */ = {
			isa = PBXGroup;
			children = (
				3837B5C42B540FA80070BE11 /* NotesListViewController.swift */,
				3837B5D92B541A5A0070BE11 /* SimpleNoteTableViewCell.swift */,
				3837B5DC2B541A760070BE11 /* ImageNoteTableViewCell.swift */,
			);
			path = View;
			sourceTree = "<group>";
		};
		3837B5E62B5438F00070BE11 /* ViewModel */ = {
			isa = PBXGroup;
			children = (
				3837B5EE2B5439C70070BE11 /* NotesListViewModel.swift */,
			);
			path = ViewModel;
			sourceTree = "<group>";
		};
		3837B5EB2B5439600070BE11 /* Model */ = {
			isa = PBXGroup;
			children = (
				3837B5E82B5439060070BE11 /* Note.swift */,
			);
			path = Model;
			sourceTree = "<group>";
		};
		3837B5ED2B54397B0070BE11 /* NotesList */ = {
			isa = PBXGroup;
			children = (
				3837B5EB2B5439600070BE11 /* Model */,
				3837B5E62B5438F00070BE11 /* ViewModel */,
				3837B5E52B5438E20070BE11 /* View */,
			);
			path = NotesList;
			sourceTree = "<group>";
		};
		3837B5F82B54417F0070BE11 /* Extensions */ = {
			isa = PBXGroup;
			children = (
				3837B5F52B54414B0070BE11 /* UIColor+Ex.swift */,
			);
			path = Extensions;
			sourceTree = "<group>";
		};
/* End PBXGroup section */

/* Begin PBXNativeTarget section */
		3837B5BC2B540FA80070BE11 /* Notes */ = {
			isa = PBXNativeTarget;
			buildConfigurationList = 3837B5D12B540FA90070BE11 /* Build configuration list for PBXNativeTarget "Notes" */;
			buildPhases = (
				3837B5B92B540FA80070BE11 /* Sources */,
				3837B5BA2B540FA80070BE11 /* Frameworks */,
				3837B5BB2B540FA80070BE11 /* Resources */,
			);
			buildRules = (
			);
			dependencies = (
			);
			name = Notes;
			packageProductDependencies = (
				3837B5E22B5421F60070BE11 /* SnapKit */,
			);
			productName = Notes;
			productReference = 3837B5BD2B540FA80070BE11 /* Notes.app */;
			productType = "com.apple.product-type.application";
		};
/* End PBXNativeTarget section */

/* Begin PBXProject section */
		3837B5B52B540FA80070BE11 /* Project object */ = {
			isa = PBXProject;
			attributes = {
				LastSwiftUpdateCheck = 1240;
				LastUpgradeCheck = 1240;
				TargetAttributes = {
					3837B5BC2B540FA80070BE11 = {
						CreatedOnToolsVersion = 12.4;
					};
				};
			};
			buildConfigurationList = 3837B5B82B540FA80070BE11 /* Build configuration list for PBXProject "Notes" */;
			compatibilityVersion = "Xcode 9.3";
			developmentRegion = en;
			hasScannedForEncodings = 0;
			knownRegions = (
				en,
				Base,
			);
			mainGroup = 3837B5B42B540FA80070BE11;
			packageReferences = (
				3837B5E12B5421F60070BE11 /* XCRemoteSwiftPackageReference "SnapKit" */,
			);
			productRefGroup = 3837B5BE2B540FA80070BE11 /* Products */;
			projectDirPath = "";
			projectRoot = "";
			targets = (
				3837B5BC2B540FA80070BE11 /* Notes */,
			);
		};
/* End PBXProject section */

/* Begin PBXResourcesBuildPhase section */
		3837B5BB2B540FA80070BE11 /* Resources */ = {
			isa = PBXResourcesBuildPhase;
			buildActionMask = 2147483647;
			files = (
				3837B5CD2B540FA90070BE11 /* LaunchScreen.storyboard in Resources */,
				3837B5CA2B540FA90070BE11 /* Assets.xcassets in Resources */,
			);
			runOnlyForDeploymentPostprocessing = 0;
		};
/* End PBXResourcesBuildPhase section */

/* Begin PBXSourcesBuildPhase section */
		3837B5B92B540FA80070BE11 /* Sources */ = {
			isa = PBXSourcesBuildPhase;
			buildActionMask = 2147483647;
			files = (
				3837B5F62B54414B0070BE11 /* UIColor+Ex.swift in Sources */,
				3837B5F32B543B030070BE11 /* TableViewSection.swift in Sources */,
				3837B5E92B5439060070BE11 /* Note.swift in Sources */,
				3837B5C52B540FA80070BE11 /* NotesListViewController.swift in Sources */,
				3837B5C12B540FA80070BE11 /* AppDelegate.swift in Sources */,
				3837B5DA2B541A5A0070BE11 /* SimpleNoteTableViewCell.swift in Sources */,
				3837B5EF2B5439C70070BE11 /* NotesListViewModel.swift in Sources */,
				3837B5DD2B541A760070BE11 /* ImageNoteTableViewCell.swift in Sources */,
			);
			runOnlyForDeploymentPostprocessing = 0;
		};
/* End PBXSourcesBuildPhase section */

/* Begin PBXVariantGroup section */
		3837B5CB2B540FA90070BE11 /* LaunchScreen.storyboard */ = {
			isa = PBXVariantGroup;
			children = (
				3837B5CC2B540FA90070BE11 /* Base */,
			);
			name = LaunchScreen.storyboard;
			sourceTree = "<group>";
		};
/* End PBXVariantGroup section */

/* Begin XCBuildConfiguration section */
		3837B5CF2B540FA90070BE11 /* Debug */ = {
			isa = XCBuildConfiguration;
			buildSettings = {
				ALWAYS_SEARCH_USER_PATHS = NO;
				CLANG_ANALYZER_NONNULL = YES;
				CLANG_ANALYZER_NUMBER_OBJECT_CONVERSION = YES_AGGRESSIVE;
				CLANG_CXX_LANGUAGE_STANDARD = "gnu++14";
				CLANG_CXX_LIBRARY = "libc++";
				CLANG_ENABLE_MODULES = YES;
				CLANG_ENABLE_OBJC_ARC = YES;
				CLANG_ENABLE_OBJC_WEAK = YES;
				CLANG_WARN_BLOCK_CAPTURE_AUTORELEASING = YES;
				CLANG_WARN_BOOL_CONVERSION = YES;
				CLANG_WARN_COMMA = YES;
				CLANG_WARN_CONSTANT_CONVERSION = YES;
				CLANG_WARN_DEPRECATED_OBJC_IMPLEMENTATIONS = YES;
				CLANG_WARN_DIRECT_OBJC_ISA_USAGE = YES_ERROR;
				CLANG_WARN_DOCUMENTATION_COMMENTS = YES;
				CLANG_WARN_EMPTY_BODY = YES;
				CLANG_WARN_ENUM_CONVERSION = YES;
				CLANG_WARN_INFINITE_RECURSION = YES;
				CLANG_WARN_INT_CONVERSION = YES;
				CLANG_WARN_NON_LITERAL_NULL_CONVERSION = YES;
				CLANG_WARN_OBJC_IMPLICIT_RETAIN_SELF = YES;
				CLANG_WARN_OBJC_LITERAL_CONVERSION = YES;
				CLANG_WARN_OBJC_ROOT_CLASS = YES_ERROR;
				CLANG_WARN_QUOTED_INCLUDE_IN_FRAMEWORK_HEADER = YES;
				CLANG_WARN_RANGE_LOOP_ANALYSIS = YES;
				CLANG_WARN_STRICT_PROTOTYPES = YES;
				CLANG_WARN_SUSPICIOUS_MOVE = YES;
				CLANG_WARN_UNGUARDED_AVAILABILITY = YES_AGGRESSIVE;
				CLANG_WARN_UNREACHABLE_CODE = YES;
				CLANG_WARN__DUPLICATE_METHOD_MATCH = YES;
				COPY_PHASE_STRIP = NO;
				DEBUG_INFORMATION_FORMAT = dwarf;
				ENABLE_STRICT_OBJC_MSGSEND = YES;
				ENABLE_TESTABILITY = YES;
				GCC_C_LANGUAGE_STANDARD = gnu11;
				GCC_DYNAMIC_NO_PIC = NO;
				GCC_NO_COMMON_BLOCKS = YES;
				GCC_OPTIMIZATION_LEVEL = 0;
				GCC_PREPROCESSOR_DEFINITIONS = (
					"DEBUG=1",
					"$(inherited)",
				);
				GCC_WARN_64_TO_32_BIT_CONVERSION = YES;
				GCC_WARN_ABOUT_RETURN_TYPE = YES_ERROR;
				GCC_WARN_UNDECLARED_SELECTOR = YES;
				GCC_WARN_UNINITIALIZED_AUTOS = YES_AGGRESSIVE;
				GCC_WARN_UNUSED_FUNCTION = YES;
				GCC_WARN_UNUSED_VARIABLE = YES;
				IPHONEOS_DEPLOYMENT_TARGET = 14.4;
				MTL_ENABLE_DEBUG_INFO = INCLUDE_SOURCE;
				MTL_FAST_MATH = YES;
				ONLY_ACTIVE_ARCH = YES;
				SDKROOT = iphoneos;
				SWIFT_ACTIVE_COMPILATION_CONDITIONS = DEBUG;
				SWIFT_OPTIMIZATION_LEVEL = "-Onone";
			};
			name = Debug;
		};
		3837B5D02B540FA90070BE11 /* Release */ = {
			isa = XCBuildConfiguration;
			buildSettings = {
				ALWAYS_SEARCH_USER_PATHS = NO;
				CLANG_ANALYZER_NONNULL = YES;
				CLANG_ANALYZER_NUMBER_OBJECT_CONVERSION = YES_AGGRESSIVE;
				CLANG_CXX_LANGUAGE_STANDARD = "gnu++14";
				CLANG_CXX_LIBRARY = "libc++";
				CLANG_ENABLE_MODULES = YES;
				CLANG_ENABLE_OBJC_ARC = YES;
				CLANG_ENABLE_OBJC_WEAK = YES;
				CLANG_WARN_BLOCK_CAPTURE_AUTORELEASING = YES;
				CLANG_WARN_BOOL_CONVERSION = YES;
				CLANG_WARN_COMMA = YES;
				CLANG_WARN_CONSTANT_CONVERSION = YES;
				CLANG_WARN_DEPRECATED_OBJC_IMPLEMENTATIONS = YES;
				CLANG_WARN_DIRECT_OBJC_ISA_USAGE = YES_ERROR;
				CLANG_WARN_DOCUMENTATION_COMMENTS = YES;
				CLANG_WARN_EMPTY_BODY = YES;
				CLANG_WARN_ENUM_CONVERSION = YES;
				CLANG_WARN_INFINITE_RECURSION = YES;
				CLANG_WARN_INT_CONVERSION = YES;
				CLANG_WARN_NON_LITERAL_NULL_CONVERSION = YES;
				CLANG_WARN_OBJC_IMPLICIT_RETAIN_SELF = YES;
				CLANG_WARN_OBJC_LITERAL_CONVERSION = YES;
				CLANG_WARN_OBJC_ROOT_CLASS = YES_ERROR;
				CLANG_WARN_QUOTED_INCLUDE_IN_FRAMEWORK_HEADER = YES;
				CLANG_WARN_RANGE_LOOP_ANALYSIS = YES;
				CLANG_WARN_STRICT_PROTOTYPES = YES;
				CLANG_WARN_SUSPICIOUS_MOVE = YES;
				CLANG_WARN_UNGUARDED_AVAILABILITY = YES_AGGRESSIVE;
				CLANG_WARN_UNREACHABLE_CODE = YES;
				CLANG_WARN__DUPLICATE_METHOD_MATCH = YES;
				COPY_PHASE_STRIP = NO;
				DEBUG_INFORMATION_FORMAT = "dwarf-with-dsym";
				ENABLE_NS_ASSERTIONS = NO;
				ENABLE_STRICT_OBJC_MSGSEND = YES;
				GCC_C_LANGUAGE_STANDARD = gnu11;
				GCC_NO_COMMON_BLOCKS = YES;
				GCC_WARN_64_TO_32_BIT_CONVERSION = YES;
				GCC_WARN_ABOUT_RETURN_TYPE = YES_ERROR;
				GCC_WARN_UNDECLARED_SELECTOR = YES;
				GCC_WARN_UNINITIALIZED_AUTOS = YES_AGGRESSIVE;
				GCC_WARN_UNUSED_FUNCTION = YES;
				GCC_WARN_UNUSED_VARIABLE = YES;
				IPHONEOS_DEPLOYMENT_TARGET = 14.4;
				MTL_ENABLE_DEBUG_INFO = NO;
				MTL_FAST_MATH = YES;
				SDKROOT = iphoneos;
				SWIFT_COMPILATION_MODE = wholemodule;
				SWIFT_OPTIMIZATION_LEVEL = "-O";
				VALIDATE_PRODUCT = YES;
			};
			name = Release;
		};
		3837B5D22B540FA90070BE11 /* Debug */ = {
			isa = XCBuildConfiguration;
			buildSettings = {
				ASSETCATALOG_COMPILER_APPICON_NAME = AppIcon;
				ASSETCATALOG_COMPILER_GLOBAL_ACCENT_COLOR_NAME = AccentColor;
				CODE_SIGN_STYLE = Automatic;
				INFOPLIST_FILE = Notes/Info.plist;
				LD_RUNPATH_SEARCH_PATHS = (
					"$(inherited)",
					"@executable_path/Frameworks",
				);
				PRODUCT_BUNDLE_IDENTIFIER = niewyspana.Notes;
				PRODUCT_NAME = "$(TARGET_NAME)";
				SWIFT_VERSION = 5.0;
				TARGETED_DEVICE_FAMILY = "1,2";
			};
			name = Debug;
		};
		3837B5D32B540FA90070BE11 /* Release */ = {
			isa = XCBuildConfiguration;
			buildSettings = {
				ASSETCATALOG_COMPILER_APPICON_NAME = AppIcon;
				ASSETCATALOG_COMPILER_GLOBAL_ACCENT_COLOR_NAME = AccentColor;
				CODE_SIGN_STYLE = Automatic;
				INFOPLIST_FILE = Notes/Info.plist;
				LD_RUNPATH_SEARCH_PATHS = (
					"$(inherited)",
					"@executable_path/Frameworks",
				);
				PRODUCT_BUNDLE_IDENTIFIER = niewyspana.Notes;
				PRODUCT_NAME = "$(TARGET_NAME)";
				SWIFT_VERSION = 5.0;
				TARGETED_DEVICE_FAMILY = "1,2";
			};
			name = Release;
		};
/* End XCBuildConfiguration section */

/* Begin XCConfigurationList section */
		3837B5B82B540FA80070BE11 /* Build configuration list for PBXProject "Notes" */ = {
			isa = XCConfigurationList;
			buildConfigurations = (
				3837B5CF2B540FA90070BE11 /* Debug */,
				3837B5D02B540FA90070BE11 /* Release */,
			);
			defaultConfigurationIsVisible = 0;
			defaultConfigurationName = Release;
		};
		3837B5D12B540FA90070BE11 /* Build configuration list for PBXNativeTarget "Notes" */ = {
			isa = XCConfigurationList;
			buildConfigurations = (
				3837B5D22B540FA90070BE11 /* Debug */,
				3837B5D32B540FA90070BE11 /* Release */,
			);
			defaultConfigurationIsVisible = 0;
			defaultConfigurationName = Release;
		};
/* End XCConfigurationList section */

/* Begin XCRemoteSwiftPackageReference section */
		3837B5E12B5421F60070BE11 /* XCRemoteSwiftPackageReference "SnapKit" */ = {
			isa = XCRemoteSwiftPackageReference;
			repositoryURL = "https://github.com/SnapKit/SnapKit.git";
			requirement = {
				kind = upToNextMajorVersion;
				minimumVersion = 5.6.0;
			};
		};
/* End XCRemoteSwiftPackageReference section */

/* Begin XCSwiftPackageProductDependency section */
		3837B5E22B5421F60070BE11 /* SnapKit */ = {
			isa = XCSwiftPackageProductDependency;
			package = 3837B5E12B5421F60070BE11 /* XCRemoteSwiftPackageReference "SnapKit" */;
			productName = SnapKit;
		};
/* End XCSwiftPackageProductDependency section */
	};
	rootObject = 3837B5B52B540FA80070BE11 /* Project object */;
}
